
Microsoft Visual Studio Solution File, Format Version 12.00
# Visual Studio Version 16
VisualStudioVersion = 16.0.29728.190
MinimumVisualStudioVersion = 10.0.40219.1
Project("{FAE04EC0-301F-11D3-BF4B-00C04F79EFBC}") = "CafeKomodo", "CafeKomodo\CafeKomodo.csproj", "{C50F25AD-FF35-4731-A9E5-5EA503B9A3EB}"
EndProject
Project("{FAE04EC0-301F-11D3-BF4B-00C04F79EFBC}") = "cafeKomodoTests", "cafeKomodTests\cafeKomodoTests.csproj", "{220EC5B7-C003-45A3-BCD9-0AA9B7A372D4}"
EndProject
Project("{FAE04EC0-301F-11D3-BF4B-00C04F79EFBC}") = "KomodoCafeUI", "KomodoCafeUI\KomodoCafeUI.csproj", "{92F808AC-FFFB-4806-8C63-BF38A07013ED}"
EndProject
Project("{2150E333-8FDC-42A3-9474-1A3956D46DE8}") = "Challenge 1", "Challenge 1", "{2F142180-750B-4B7A-8CF8-EDF63AD1A07F}"
EndProject
Project("{2150E333-8FDC-42A3-9474-1A3956D46DE8}") = "Challenge 2", "Challenge 2", "{F0FB5BD5-69FB-47B3-813B-054584A27A69}"
EndProject
Project("{FAE04EC0-301F-11D3-BF4B-00C04F79EFBC}") = "KomodoClaimsUI", "KomodoClaimsUI\KomodoClaimsUI.csproj", "{56F4B3ED-4709-4D18-BA4F-C630D26428D1}"
EndProject
Project("{FAE04EC0-301F-11D3-BF4B-00C04F79EFBC}") = "KomodoClaimsUnitTest", "KomodoClaimsUnitTest\KomodoClaimsUnitTest.csproj", "{3FED8C54-C63D-4071-8CC1-EA5834A3C520}"
EndProject
Project("{FAE04EC0-301F-11D3-BF4B-00C04F79EFBC}") = "KomodoClaims", "KomodoClaims\KomodoClaims.csproj", "{8577C221-3D27-4CD7-9081-7496964E2723}"
EndProject
Project("{FAE04EC0-301F-11D3-BF4B-00C04F79EFBC}") = "BadgesKomodoUI", "BadgesKomodoUI\BadgesKomodoUI.csproj", "{1C44F800-E138-4C57-804C-DC6274DCA8D1}"
EndProject
Project("{FAE04EC0-301F-11D3-BF4B-00C04F79EFBC}") = "BadgesKomodo", "BadgesKomodo\BadgesKomodo.csproj", "{FACB302A-F9A7-4154-A3CA-DCE3CB1DDE52}"
EndProject
Project("{FAE04EC0-301F-11D3-BF4B-00C04F79EFBC}") = "BadgesKomodo_Tests", "BadgesKomodo_Tests\BadgesKomodo_Tests.csproj", "{9B2FD6B0-72DB-466A-B480-EA89AE35F9D6}"
EndProject
Project("{2150E333-8FDC-42A3-9474-1A3956D46DE8}") = "Challenge 3", "Challenge 3", "{3D904F1D-657B-479A-A298-FA78232ED548}"
EndProject
Global
	GlobalSection(SolutionConfigurationPlatforms) = preSolution
		Debug|Any CPU = Debug|Any CPU
		Release|Any CPU = Release|Any CPU
	EndGlobalSection
	GlobalSection(ProjectConfigurationPlatforms) = postSolution
		{C50F25AD-FF35-4731-A9E5-5EA503B9A3EB}.Debug|Any CPU.ActiveCfg = Debug|Any CPU
		{C50F25AD-FF35-4731-A9E5-5EA503B9A3EB}.Debug|Any CPU.Build.0 = Debug|Any CPU
		{C50F25AD-FF35-4731-A9E5-5EA503B9A3EB}.Release|Any CPU.ActiveCfg = Release|Any CPU
		{C50F25AD-FF35-4731-A9E5-5EA503B9A3EB}.Release|Any CPU.Build.0 = Release|Any CPU
		{220EC5B7-C003-45A3-BCD9-0AA9B7A372D4}.Debug|Any CPU.ActiveCfg = Debug|Any CPU
		{220EC5B7-C003-45A3-BCD9-0AA9B7A372D4}.Debug|Any CPU.Build.0 = Debug|Any CPU
		{220EC5B7-C003-45A3-BCD9-0AA9B7A372D4}.Release|Any CPU.ActiveCfg = Release|Any CPU
		{220EC5B7-C003-45A3-BCD9-0AA9B7A372D4}.Release|Any CPU.Build.0 = Release|Any CPU
		{92F808AC-FFFB-4806-8C63-BF38A07013ED}.Debug|Any CPU.ActiveCfg = Debug|Any CPU
		{92F808AC-FFFB-4806-8C63-BF38A07013ED}.Debug|Any CPU.Build.0 = Debug|Any CPU
		{92F808AC-FFFB-4806-8C63-BF38A07013ED}.Release|Any CPU.ActiveCfg = Release|Any CPU
		{92F808AC-FFFB-4806-8C63-BF38A07013ED}.Release|Any CPU.Build.0 = Release|Any CPU
		{56F4B3ED-4709-4D18-BA4F-C630D26428D1}.Debug|Any CPU.ActiveCfg = Debug|Any CPU
		{56F4B3ED-4709-4D18-BA4F-C630D26428D1}.Debug|Any CPU.Build.0 = Debug|Any CPU
		{56F4B3ED-4709-4D18-BA4F-C630D26428D1}.Release|Any CPU.ActiveCfg = Release|Any CPU
		{56F4B3ED-4709-4D18-BA4F-C630D26428D1}.Release|Any CPU.Build.0 = Release|Any CPU
		{3FED8C54-C63D-4071-8CC1-EA5834A3C520}.Debug|Any CPU.ActiveCfg = Debug|Any CPU
		{3FED8C54-C63D-4071-8CC1-EA5834A3C520}.Debug|Any CPU.Build.0 = Debug|Any CPU
		{3FED8C54-C63D-4071-8CC1-EA5834A3C520}.Release|Any CPU.ActiveCfg = Release|Any CPU
		{3FED8C54-C63D-4071-8CC1-EA5834A3C520}.Release|Any CPU.Build.0 = Release|Any CPU
		{8577C221-3D27-4CD7-9081-7496964E2723}.Debug|Any CPU.ActiveCfg = Debug|Any CPU
		{8577C221-3D27-4CD7-9081-7496964E2723}.Debug|Any CPU.Build.0 = Debug|Any CPU
		{8577C221-3D27-4CD7-9081-7496964E2723}.Release|Any CPU.ActiveCfg = Release|Any CPU
		{8577C221-3D27-4CD7-9081-7496964E2723}.Release|Any CPU.Build.0 = Release|Any CPU
		{1C44F800-E138-4C57-804C-DC6274DCA8D1}.Debug|Any CPU.ActiveCfg = Debug|Any CPU
		{1C44F800-E138-4C57-804C-DC6274DCA8D1}.Debug|Any CPU.Build.0 = Debug|Any CPU
		{1C44F800-E138-4C57-804C-DC6274DCA8D1}.Release|Any CPU.ActiveCfg = Release|Any CPU
		{1C44F800-E138-4C57-804C-DC6274DCA8D1}.Release|Any CPU.Build.0 = Release|Any CPU
		{FACB302A-F9A7-4154-A3CA-DCE3CB1DDE52}.Debug|Any CPU.ActiveCfg = Debug|Any CPU
		{FACB302A-F9A7-4154-A3CA-DCE3CB1DDE52}.Debug|Any CPU.Build.0 = Debug|Any CPU
		{FACB302A-F9A7-4154-A3CA-DCE3CB1DDE52}.Release|Any CPU.ActiveCfg = Release|Any CPU
		{FACB302A-F9A7-4154-A3CA-DCE3CB1DDE52}.Release|Any CPU.Build.0 = Release|Any CPU
		{9B2FD6B0-72DB-466A-B480-EA89AE35F9D6}.Debug|Any CPU.ActiveCfg = Debug|Any CPU
		{9B2FD6B0-72DB-466A-B480-EA89AE35F9D6}.Debug|Any CPU.Build.0 = Debug|Any CPU
		{9B2FD6B0-72DB-466A-B480-EA89AE35F9D6}.Release|Any CPU.ActiveCfg = Release|Any CPU
		{9B2FD6B0-72DB-466A-B480-EA89AE35F9D6}.Release|Any CPU.Build.0 = Release|Any CPU
	EndGlobalSection
	GlobalSection(SolutionProperties) = preSolution
		HideSolutionNode = FALSE
	EndGlobalSection
	GlobalSection(NestedProjects) = preSolution
		{C50F25AD-FF35-4731-A9E5-5EA503B9A3EB} = {2F142180-750B-4B7A-8CF8-EDF63AD1A07F}
		{220EC5B7-C003-45A3-BCD9-0AA9B7A372D4} = {2F142180-750B-4B7A-8CF8-EDF63AD1A07F}
		{92F808AC-FFFB-4806-8C63-BF38A07013ED} = {2F142180-750B-4B7A-8CF8-EDF63AD1A07F}
		{56F4B3ED-4709-4D18-BA4F-C630D26428D1} = {F0FB5BD5-69FB-47B3-813B-054584A27A69}
		{3FED8C54-C63D-4071-8CC1-EA5834A3C520} = {F0FB5BD5-69FB-47B3-813B-054584A27A69}
		{8577C221-3D27-4CD7-9081-7496964E2723} = {F0FB5BD5-69FB-47B3-813B-054584A27A69}
		{1C44F800-E138-4C57-804C-DC6274DCA8D1} = {3D904F1D-657B-479A-A298-FA78232ED548}
		{FACB302A-F9A7-4154-A3CA-DCE3CB1DDE52} = {3D904F1D-657B-479A-A298-FA78232ED548}
		{9B2FD6B0-72DB-466A-B480-EA89AE35F9D6} = {3D904F1D-657B-479A-A298-FA78232ED548}
	EndGlobalSection
	GlobalSection(ExtensibilityGlobals) = postSolution
		SolutionGuid = {0AE70AB3-574A-430A-AAA8-B0CEAF1724CB}
	EndGlobalSection
EndGlobal
